
Microsoft Visual Studio Solution File, Format Version 12.00
# Visual Studio Version 17
VisualStudioVersion = 17.10.35013.160
MinimumVisualStudioVersion = 10.0.40219.1
Project("{9A19103F-16F7-4668-BE54-9A1E7A4F7556}") = "WPF_WinCompanion", "WPF_WinCompanion\WPF_WinCompanion.csproj", "{5950E1BB-AB5A-41EE-B65E-D239DE9B7A25}"
EndProject
Project("{2150E333-8FDC-42A3-9474-1A3956D46DE8}") = "Currencies_Widget", "Currencies_Widget", "{F1FF4500-18AD-4C6B-AEA4-C03A7F8B3796}"
EndProject
Project("{9A19103F-16F7-4668-BE54-9A1E7A4F7556}") = "Currency_Exchange.Service", "Currency_Exchange.Service\Currency_Exchange.Service.csproj", "{3DA173F2-176E-444A-9783-B0E12DB23CB2}"
EndProject
Project("{2150E333-8FDC-42A3-9474-1A3956D46DE8}") = "News_Widget", "News_Widget", "{462747F7-A3F6-4507-8F2E-D5762CEF4BEB}"
EndProject
Project("{9A19103F-16F7-4668-BE54-9A1E7A4F7556}") = "News_Widget.MainPage", "News_Widget.MainPage\News_Widget.MainPage.csproj", "{AFB40E8A-4E41-4D43-B33C-372C4022AF0B}"
EndProject
Project("{2150E333-8FDC-42A3-9474-1A3956D46DE8}") = "Tests", "Tests", "{B3E02B80-F2B8-41AF-83E7-D4A14A3CA878}"
EndProject
Project("{FAE04EC0-301F-11D3-BF4B-00C04F79EFBC}") = "ConsoleTestApp", "ConsoleTestApp\ConsoleTestApp.csproj", "{3F15D2A9-BC16-45AF-83B5-622B74361AD7}"
EndProject
Global
	GlobalSection(SolutionConfigurationPlatforms) = preSolution
		Debug|Any CPU = Debug|Any CPU
		Release|Any CPU = Release|Any CPU
	EndGlobalSection
	GlobalSection(ProjectConfigurationPlatforms) = postSolution
		{5950E1BB-AB5A-41EE-B65E-D239DE9B7A25}.Debug|Any CPU.ActiveCfg = Debug|Any CPU
		{5950E1BB-AB5A-41EE-B65E-D239DE9B7A25}.Debug|Any CPU.Build.0 = Debug|Any CPU
		{5950E1BB-AB5A-41EE-B65E-D239DE9B7A25}.Release|Any CPU.ActiveCfg = Release|Any CPU
		{5950E1BB-AB5A-41EE-B65E-D239DE9B7A25}.Release|Any CPU.Build.0 = Release|Any CPU
		{3DA173F2-176E-444A-9783-B0E12DB23CB2}.Debug|Any CPU.ActiveCfg = Debug|Any CPU
		{3DA173F2-176E-444A-9783-B0E12DB23CB2}.Debug|Any CPU.Build.0 = Debug|Any CPU
		{3DA173F2-176E-444A-9783-B0E12DB23CB2}.Release|Any CPU.ActiveCfg = Release|Any CPU
		{3DA173F2-176E-444A-9783-B0E12DB23CB2}.Release|Any CPU.Build.0 = Release|Any CPU
		{AFB40E8A-4E41-4D43-B33C-372C4022AF0B}.Debug|Any CPU.ActiveCfg = Debug|Any CPU
		{AFB40E8A-4E41-4D43-B33C-372C4022AF0B}.Debug|Any CPU.Build.0 = Debug|Any CPU
		{AFB40E8A-4E41-4D43-B33C-372C4022AF0B}.Release|Any CPU.ActiveCfg = Release|Any CPU
		{AFB40E8A-4E41-4D43-B33C-372C4022AF0B}.Release|Any CPU.Build.0 = Release|Any CPU
		{3F15D2A9-BC16-45AF-83B5-622B74361AD7}.Debug|Any CPU.ActiveCfg = Debug|Any CPU
		{3F15D2A9-BC16-45AF-83B5-622B74361AD7}.Debug|Any CPU.Build.0 = Debug|Any CPU
		{3F15D2A9-BC16-45AF-83B5-622B74361AD7}.Release|Any CPU.ActiveCfg = Release|Any CPU
		{3F15D2A9-BC16-45AF-83B5-622B74361AD7}.Release|Any CPU.Build.0 = Release|Any CPU
	EndGlobalSection
	GlobalSection(SolutionProperties) = preSolution
		HideSolutionNode = FALSE
	EndGlobalSection
	GlobalSection(NestedProjects) = preSolution
		{3DA173F2-176E-444A-9783-B0E12DB23CB2} = {F1FF4500-18AD-4C6B-AEA4-C03A7F8B3796}
		{AFB40E8A-4E41-4D43-B33C-372C4022AF0B} = {462747F7-A3F6-4507-8F2E-D5762CEF4BEB}
		{3F15D2A9-BC16-45AF-83B5-622B74361AD7} = {B3E02B80-F2B8-41AF-83E7-D4A14A3CA878}
	EndGlobalSection
	GlobalSection(ExtensibilityGlobals) = postSolution
		SolutionGuid = {5218C07F-10D4-4590-8FFC-C466C4CBC167}
	EndGlobalSection
EndGlobal
